
Microsoft Visual Studio Solution File, Format Version 12.00
# Visual Studio Version 16
VisualStudioVersion = 16.0.29905.134
MinimumVisualStudioVersion = 10.0.40219.1
Project("{FAE04EC0-301F-11D3-BF4B-00C04F79EFBC}") = "ResourceManager.Core", "ResourceManager.Core\ResourceManager.Core.csproj", "{EBEF61E8-5AE9-47FC-9415-F48AB14FC164}"
EndProject
Global
	GlobalSection(SolutionConfigurationPlatforms) = preSolution
		Debug|Any CPU = Debug|Any CPU
		Release|Any CPU = Release|Any CPU
	EndGlobalSection
	GlobalSection(ProjectConfigurationPlatforms) = postSolution
		{EBEF61E8-5AE9-47FC-9415-F48AB14FC164}.Debug|Any CPU.ActiveCfg = Debug|Any CPU
		{EBEF61E8-5AE9-47FC-9415-F48AB14FC164}.Debug|Any CPU.Build.0 = Debug|Any CPU
		{EBEF61E8-5AE9-47FC-9415-F48AB14FC164}.Release|Any CPU.ActiveCfg = Release|Any CPU
		{EBEF61E8-5AE9-47FC-9415-F48AB14FC164}.Release|Any CPU.Build.0 = Release|Any CPU
	EndGlobalSection
	GlobalSection(SolutionProperties) = preSolution
		HideSolutionNode = FALSE
	EndGlobalSection
	GlobalSection(ExtensibilityGlobals) = postSolution
		SolutionGuid = {C1D314A0-9EAD-4725-8B83-6AF5FA86083C}
	EndGlobalSection
EndGlobal
